
Microsoft Visual Studio Solution File, Format Version 12.00
# Visual Studio Version 17
VisualStudioVersion = 17.6.33723.286
MinimumVisualStudioVersion = 10.0.40219.1
Project("{8BC9CEB8-8B4A-11D0-8D11-00A0C91BC942}") = "BOJ1037", "BOJ1037\BOJ1037.vcxproj", "{6F6D16D5-418F-4505-B6D3-C5A08449D839}"
EndProject
Global
	GlobalSection(SolutionConfigurationPlatforms) = preSolution
		Debug|x64 = Debug|x64
		Debug|x86 = Debug|x86
		Release|x64 = Release|x64
		Release|x86 = Release|x86
	EndGlobalSection
	GlobalSection(ProjectConfigurationPlatforms) = postSolution
		{6F6D16D5-418F-4505-B6D3-C5A08449D839}.Debug|x64.ActiveCfg = Debug|x64
		{6F6D16D5-418F-4505-B6D3-C5A08449D839}.Debug|x64.Build.0 = Debug|x64
		{6F6D16D5-418F-4505-B6D3-C5A08449D839}.Debug|x86.ActiveCfg = Debug|Win32
		{6F6D16D5-418F-4505-B6D3-C5A08449D839}.Debug|x86.Build.0 = Debug|Win32
		{6F6D16D5-418F-4505-B6D3-C5A08449D839}.Release|x64.ActiveCfg = Release|x64
		{6F6D16D5-418F-4505-B6D3-C5A08449D839}.Release|x64.Build.0 = Release|x64
		{6F6D16D5-418F-4505-B6D3-C5A08449D839}.Release|x86.ActiveCfg = Release|Win32
		{6F6D16D5-418F-4505-B6D3-C5A08449D839}.Release|x86.Build.0 = Release|Win32
	EndGlobalSection
	GlobalSection(SolutionProperties) = preSolution
		HideSolutionNode = FALSE
	EndGlobalSection
	GlobalSection(ExtensibilityGlobals) = postSolution
		SolutionGuid = {9926E01A-4A4E-4759-82D4-26E6814C32B5}
	EndGlobalSection
EndGlobal
