
Microsoft Visual Studio Solution File, Format Version 12.00
# Visual Studio Version 17
VisualStudioVersion = 17.6.33723.286
MinimumVisualStudioVersion = 10.0.40219.1
Project("{8BC9CEB8-8B4A-11D0-8D11-00A0C91BC942}") = "BOJ13241", "BOJ13241\BOJ13241.vcxproj", "{6DEAC52B-B709-4CC2-A8BF-CCABA1D06903}"
EndProject
Global
	GlobalSection(SolutionConfigurationPlatforms) = preSolution
		Debug|x64 = Debug|x64
		Debug|x86 = Debug|x86
		Release|x64 = Release|x64
		Release|x86 = Release|x86
	EndGlobalSection
	GlobalSection(ProjectConfigurationPlatforms) = postSolution
		{6DEAC52B-B709-4CC2-A8BF-CCABA1D06903}.Debug|x64.ActiveCfg = Debug|x64
		{6DEAC52B-B709-4CC2-A8BF-CCABA1D06903}.Debug|x64.Build.0 = Debug|x64
		{6DEAC52B-B709-4CC2-A8BF-CCABA1D06903}.Debug|x86.ActiveCfg = Debug|Win32
		{6DEAC52B-B709-4CC2-A8BF-CCABA1D06903}.Debug|x86.Build.0 = Debug|Win32
		{6DEAC52B-B709-4CC2-A8BF-CCABA1D06903}.Release|x64.ActiveCfg = Release|x64
		{6DEAC52B-B709-4CC2-A8BF-CCABA1D06903}.Release|x64.Build.0 = Release|x64
		{6DEAC52B-B709-4CC2-A8BF-CCABA1D06903}.Release|x86.ActiveCfg = Release|Win32
		{6DEAC52B-B709-4CC2-A8BF-CCABA1D06903}.Release|x86.Build.0 = Release|Win32
	EndGlobalSection
	GlobalSection(SolutionProperties) = preSolution
		HideSolutionNode = FALSE
	EndGlobalSection
	GlobalSection(ExtensibilityGlobals) = postSolution
		SolutionGuid = {D04F89E9-C166-438D-9553-72F4E3840B1F}
	EndGlobalSection
EndGlobal
